
Microsoft Visual Studio Solution File, Format Version 12.00
# Visual Studio Version 17
VisualStudioVersion = 17.9.34701.34
MinimumVisualStudioVersion = 10.0.40219.1
Project("{2150E333-8FDC-42A3-9474-1A3956D46DE8}") = "Core", "Core", "{FEA42EAB-0383-4E80-B243-1235301EA158}"
EndProject
Project("{2150E333-8FDC-42A3-9474-1A3956D46DE8}") = "Presentation", "Presentation", "{DD46FF7C-998B-462F-B881-D26410927CEE}"
EndProject
Project("{2150E333-8FDC-42A3-9474-1A3956D46DE8}") = "Infrastructure", "Infrastructure", "{0F76EBA6-7429-4058-983D-ECAD4F7181EE}"
EndProject
Project("{9A19103F-16F7-4668-BE54-9A1E7A4F7556}") = "StoreNight.Domain", "Core\StoreNight.Domain\StoreNight.Domain.csproj", "{3839FBBF-D1D0-454A-A666-5312518B3325}"
EndProject
Project("{9A19103F-16F7-4668-BE54-9A1E7A4F7556}") = "StoreNight.Persistance", "Infrastructure\StoreNight.Persistance\StoreNight.Persistance.csproj", "{C1A6C4E0-73A4-4457-9923-610EEBE0225A}"
EndProject
Project("{9A19103F-16F7-4668-BE54-9A1E7A4F7556}") = "StoreNight.Application", "Core\StoreNight.Application\StoreNight.Application.csproj", "{A6F4535C-7207-4D69-BBC4-47C7E8BF9204}"
EndProject
Project("{FAE04EC0-301F-11D3-BF4B-00C04F79EFBC}") = "StoreNight.WebUI", "Presentation\StoreNight.WebUI\StoreNight.WebUI.csproj", "{D270E806-512B-497A-8560-690547AFBDFA}"
EndProject
Global
	GlobalSection(SolutionConfigurationPlatforms) = preSolution
		Debug|Any CPU = Debug|Any CPU
		Release|Any CPU = Release|Any CPU
	EndGlobalSection
	GlobalSection(ProjectConfigurationPlatforms) = postSolution
		{3839FBBF-D1D0-454A-A666-5312518B3325}.Debug|Any CPU.ActiveCfg = Debug|Any CPU
		{3839FBBF-D1D0-454A-A666-5312518B3325}.Debug|Any CPU.Build.0 = Debug|Any CPU
		{3839FBBF-D1D0-454A-A666-5312518B3325}.Release|Any CPU.ActiveCfg = Release|Any CPU
		{3839FBBF-D1D0-454A-A666-5312518B3325}.Release|Any CPU.Build.0 = Release|Any CPU
		{C1A6C4E0-73A4-4457-9923-610EEBE0225A}.Debug|Any CPU.ActiveCfg = Debug|Any CPU
		{C1A6C4E0-73A4-4457-9923-610EEBE0225A}.Debug|Any CPU.Build.0 = Debug|Any CPU
		{C1A6C4E0-73A4-4457-9923-610EEBE0225A}.Release|Any CPU.ActiveCfg = Release|Any CPU
		{C1A6C4E0-73A4-4457-9923-610EEBE0225A}.Release|Any CPU.Build.0 = Release|Any CPU
		{A6F4535C-7207-4D69-BBC4-47C7E8BF9204}.Debug|Any CPU.ActiveCfg = Debug|Any CPU
		{A6F4535C-7207-4D69-BBC4-47C7E8BF9204}.Debug|Any CPU.Build.0 = Debug|Any CPU
		{A6F4535C-7207-4D69-BBC4-47C7E8BF9204}.Release|Any CPU.ActiveCfg = Release|Any CPU
		{A6F4535C-7207-4D69-BBC4-47C7E8BF9204}.Release|Any CPU.Build.0 = Release|Any CPU
		{D270E806-512B-497A-8560-690547AFBDFA}.Debug|Any CPU.ActiveCfg = Debug|Any CPU
		{D270E806-512B-497A-8560-690547AFBDFA}.Debug|Any CPU.Build.0 = Debug|Any CPU
		{D270E806-512B-497A-8560-690547AFBDFA}.Release|Any CPU.ActiveCfg = Release|Any CPU
		{D270E806-512B-497A-8560-690547AFBDFA}.Release|Any CPU.Build.0 = Release|Any CPU
	EndGlobalSection
	GlobalSection(SolutionProperties) = preSolution
		HideSolutionNode = FALSE
	EndGlobalSection
	GlobalSection(NestedProjects) = preSolution
		{3839FBBF-D1D0-454A-A666-5312518B3325} = {FEA42EAB-0383-4E80-B243-1235301EA158}
		{C1A6C4E0-73A4-4457-9923-610EEBE0225A} = {0F76EBA6-7429-4058-983D-ECAD4F7181EE}
		{A6F4535C-7207-4D69-BBC4-47C7E8BF9204} = {FEA42EAB-0383-4E80-B243-1235301EA158}
		{D270E806-512B-497A-8560-690547AFBDFA} = {DD46FF7C-998B-462F-B881-D26410927CEE}
	EndGlobalSection
	GlobalSection(ExtensibilityGlobals) = postSolution
		SolutionGuid = {6C0B24D3-F234-4C78-890C-F929ECAEDC1B}
	EndGlobalSection
EndGlobal
